PODS:
  - Alamofire (4.7.3)
  - AlamofireObjectMapper (5.1.0):
    - Alamofire (~> 4.1)
    - ObjectMapper (~> 3.3)
  - FTLocalizationManager (1.0.0)
  - KSAUtils (0.1.0):
    - KSAUtils/KSAUtils (= 0.1.0)
    - KSAUtils/KSAUtils-no-arc (= 0.1.0)
    - KSAUtils/Libraries (= 0.1.0)
  - KSAUtils/KSAUtils (0.1.0)
  - KSAUtils/KSAUtils-no-arc (0.1.0)
  - KSAUtils/Libraries (0.1.0):
    - KSAUtils/Libraries/openssl (= 0.1.0)
  - KSAUtils/Libraries/openssl (0.1.0)
  - ObjectMapper (3.3.0)

DEPENDENCIES:
  - Alamofire (~> 4.7)
  - AlamofireObjectMapper (~> 5.1)
  - FTLocalizationManager (from `https://github.com/farabis4m/FTLocalizationManager.git`)
  - KSAUtils (from `http://10.10.10.84:8111/scm/git/KSAUtils`, branch `master-touchId`)
  - ObjectMapper (~> 3.3)

SPEC REPOS:
  https://github.com/cocoapods/specs.git:
    - Alamofire
    - AlamofireObjectMapper
    - ObjectMapper

EXTERNAL SOURCES:
  FTLocalizationManager:
    :git: https://github.com/farabis4m/FTLocalizationManager.git
  KSAUtils:
    :branch: master-touchId
    :git: http://10.10.10.84:8111/scm/git/KSAUtils

CHECKOUT OPTIONS:
  FTLocalizationManager:
    :commit: eef632593ceb1e705da66bfa16b4aad1e35e3800
    :git: https://github.com/farabis4m/FTLocalizationManager.git
  KSAUtils:
    :commit: c5883cb34ea7cd641584f0a1502b71aa9f8819e9
    :git: http://10.10.10.84:8111/scm/git/KSAUtils

SPEC CHECKSUMS:
  Alamofire: c7287b6e5d7da964a70935e5db17046b7fde6568
  AlamofireObjectMapper: 3395e698901d8b0e6f48b7d0c43bd47875325102
  FTLocalizationManager: a458aa4e83bb28d742368ad64f8e726caa91818c
  KSAUtils: 1fe2cfccb564e4c91f1e102e9f0f30eb6958e43d
  ObjectMapper: b612bf8c8e99c4dc0bb6013a51f7c27966ed5da9

PODFILE CHECKSUM: ab5e26dcfc2ff488ad4a95a235f050d7d7bdeda1

COCOAPODS: 1.5.3
