// !$*UTF8*$!
{
	archiveVersion = 1;
	classes = {
	};
	objectVersion = 50;
	objects = {

/* Begin PBXBuildFile section */
		2CA858FE21185D5100F492E8 /* AppDelegate.swift in Sources */ = {isa = PBXBuildFile; fileRef = 2CA858FD21185D5100F492E8 /* AppDelegate.swift */; };
		2CA8590021185D5100F492E8 /* ViewController.swift in Sources */ = {isa = PBXBuildFile; fileRef = 2CA858FF21185D5100F492E8 /* ViewController.swift */; };
		2CA8590321185D5100F492E8 /* Main.storyboard in Resources */ = {isa = PBXBuildFile; fileRef = 2CA8590121185D5100F492E8 /* Main.storyboard */; };
		2CA8590521185D5200F492E8 /* Assets.xcassets in Resources */ = {isa = PBXBuildFile; fileRef = 2CA8590421185D5200F492E8 /* Assets.xcassets */; };
		2CA8590821185D5200F492E8 /* LaunchScreen.storyboard in Resources */ = {isa = PBXBuildFile; fileRef = 2CA8590621185D5200F492E8 /* LaunchScreen.storyboard */; };
		2CA8592E211867D300F492E8 /* SmartTouch.swift in Sources */ = {isa = PBXBuildFile; fileRef = 2CA8592D211867D300F492E8 /* SmartTouch.swift */; };
		54C0F32B196579AD45BE057F /* Pods_DiffieHelmanSample.framework in Frameworks */ = {isa = PBXBuildFile; fileRef = CA0EF013E380DDBB049AA4DF /* Pods_DiffieHelmanSample.framework */; };
/* End PBXBuildFile section */

/* Begin PBXFileReference section */
		2CA858FA21185D5100F492E8 /* DiffieHelmanSample.app */ = {isa = PBXFileReference; explicitFileType = wrapper.application; includeInIndex = 0; path = DiffieHelmanSample.app; sourceTree = BUILT_PRODUCTS_DIR; };
		2CA858FD21185D5100F492E8 /* AppDelegate.swift */ = {isa = PBXFileReference; lastKnownFileType = sourcecode.swift; path = AppDelegate.swift; sourceTree = "<group>"; };
		2CA858FF21185D5100F492E8 /* ViewController.swift */ = {isa = PBXFileReference; lastKnownFileType = sourcecode.swift; path = ViewController.swift; sourceTree = "<group>"; };
		2CA8590221185D5100F492E8 /* Base */ = {isa = PBXFileReference; lastKnownFileType = file.storyboard; name = Base; path = Base.lproj/Main.storyboard; sourceTree = "<group>"; };
		2CA8590421185D5200F492E8 /* Assets.xcassets */ = {isa = PBXFileReference; lastKnownFileType = folder.assetcatalog; path = Assets.xcassets; sourceTree = "<group>"; };
		2CA8590721185D5200F492E8 /* Base */ = {isa = PBXFileReference; lastKnownFileType = file.storyboard; name = Base; path = Base.lproj/LaunchScreen.storyboard; sourceTree = "<group>"; };
		2CA8590921185D5200F492E8 /* Info.plist */ = {isa = PBXFileReference; lastKnownFileType = text.plist.xml; path = Info.plist; sourceTree = "<group>"; };
		2CA8592D211867D300F492E8 /* SmartTouch.swift */ = {isa = PBXFileReference; lastKnownFileType = sourcecode.swift; path = SmartTouch.swift; sourceTree = "<group>"; };
		6A03B95170941B747B68E0C9 /* Pods-DiffieHelmanSample.release.xcconfig */ = {isa = PBXFileReference; includeInIndex = 1; lastKnownFileType = text.xcconfig; name = "Pods-DiffieHelmanSample.release.xcconfig"; path = "Pods/Target Support Files/Pods-DiffieHelmanSample/Pods-DiffieHelmanSample.release.xcconfig"; sourceTree = "<group>"; };
		CA0EF013E380DDBB049AA4DF /* Pods_DiffieHelmanSample.framework */ = {isa = PBXFileReference; explicitFileType = wrapper.framework; includeInIndex = 0; path = Pods_DiffieHelmanSample.framework; sourceTree = BUILT_PRODUCTS_DIR; };
		E759C84C532273886E538DB8 /* Pods-DiffieHelmanSample.debug.xcconfig */ = {isa = PBXFileReference; includeInIndex = 1; lastKnownFileType = text.xcconfig; name = "Pods-DiffieHelmanSample.debug.xcconfig"; path = "Pods/Target Support Files/Pods-DiffieHelmanSample/Pods-DiffieHelmanSample.debug.xcconfig"; sourceTree = "<group>"; };
/* End PBXFileReference section */

/* Begin PBXFrameworksBuildPhase section */
		2CA858F721185D5100F492E8 /* Frameworks */ = {
			isa = PBXFrameworksBuildPhase;
			buildActionMask = 2147483647;
			files = (
				54C0F32B196579AD45BE057F /* Pods_DiffieHelmanSample.framework in Frameworks */,
			);
			runOnlyForDeploymentPostprocessing = 0;
		};
/* End PBXFrameworksBuildPhase section */

/* Begin PBXGroup section */
		2CA858F121185D5100F492E8 = {
			isa = PBXGroup;
			children = (
				2CA858FC21185D5100F492E8 /* DiffieHelmanSample */,
				2CA858FB21185D5100F492E8 /* Products */,
				E6F07280FECCF5FFAD368B9C /* Pods */,
				ACF212DA08ACDD058B6A35AE /* Frameworks */,
			);
			sourceTree = "<group>";
		};
		2CA858FB21185D5100F492E8 /* Products */ = {
			isa = PBXGroup;
			children = (
				2CA858FA21185D5100F492E8 /* DiffieHelmanSample.app */,
			);
			name = Products;
			sourceTree = "<group>";
		};
		2CA858FC21185D5100F492E8 /* DiffieHelmanSample */ = {
			isa = PBXGroup;
			children = (
				2CA858FD21185D5100F492E8 /* AppDelegate.swift */,
				2CA858FF21185D5100F492E8 /* ViewController.swift */,
				2CA8592D211867D300F492E8 /* SmartTouch.swift */,
				2CA8590121185D5100F492E8 /* Main.storyboard */,
				2CA8590421185D5200F492E8 /* Assets.xcassets */,
				2CA8590621185D5200F492E8 /* LaunchScreen.storyboard */,
				2CA8590921185D5200F492E8 /* Info.plist */,
			);
			path = DiffieHelmanSample;
			sourceTree = "<group>";
		};
		ACF212DA08ACDD058B6A35AE /* Frameworks */ = {
			isa = PBXGroup;
			children = (
				CA0EF013E380DDBB049AA4DF /* Pods_DiffieHelmanSample.framework */,
			);
			name = Frameworks;
			sourceTree = "<group>";
		};
		E6F07280FECCF5FFAD368B9C /* Pods */ = {
			isa = PBXGroup;
			children = (
				E759C84C532273886E538DB8 /* Pods-DiffieHelmanSample.debug.xcconfig */,
				6A03B95170941B747B68E0C9 /* Pods-DiffieHelmanSample.release.xcconfig */,
			);
			name = Pods;
			sourceTree = "<group>";
		};
/* End PBXGroup section */

/* Begin PBXNativeTarget section */
		2CA858F921185D5100F492E8 /* DiffieHelmanSample */ = {
			isa = PBXNativeTarget;
			buildConfigurationList = 2CA8590C21185D5200F492E8 /* Build configuration list for PBXNativeTarget "DiffieHelmanSample" */;
			buildPhases = (
				A33B57A5478818052EB96D72 /* [CP] Check Pods Manifest.lock */,
				2CA858F621185D5100F492E8 /* Sources */,
				2CA858F721185D5100F492E8 /* Frameworks */,
				2CA858F821185D5100F492E8 /* Resources */,
				3FBCCEA7C5BF489FF63C2ADF /* [CP] Embed Pods Frameworks */,
			);
			buildRules = (
			);
			dependencies = (
			);
			name = DiffieHelmanSample;
			productName = DiffieHelmanSample;
			productReference = 2CA858FA21185D5100F492E8 /* DiffieHelmanSample.app */;
			productType = "com.apple.product-type.application";
		};
/* End PBXNativeTarget section */

/* Begin PBXProject section */
		2CA858F221185D5100F492E8 /* Project object */ = {
			isa = PBXProject;
			attributes = {
				LastSwiftUpdateCheck = 0940;
				LastUpgradeCheck = 0940;
				ORGANIZATIONNAME = Farabi;
				TargetAttributes = {
					2CA858F921185D5100F492E8 = {
						CreatedOnToolsVersion = 9.4;
					};
				};
			};
			buildConfigurationList = 2CA858F521185D5100F492E8 /* Build configuration list for PBXProject "DiffieHelmanSample" */;
			compatibilityVersion = "Xcode 9.3";
			developmentRegion = en;
			hasScannedForEncodings = 0;
			knownRegions = (
				en,
				Base,
			);
			mainGroup = 2CA858F121185D5100F492E8;
			productRefGroup = 2CA858FB21185D5100F492E8 /* Products */;
			projectDirPath = "";
			projectRoot = "";
			targets = (
				2CA858F921185D5100F492E8 /* DiffieHelmanSample */,
			);
		};
/* End PBXProject section */

/* Begin PBXResourcesBuildPhase section */
		2CA858F821185D5100F492E8 /* Resources */ = {
			isa = PBXResourcesBuildPhase;
			buildActionMask = 2147483647;
			files = (
				2CA8590821185D5200F492E8 /* LaunchScreen.storyboard in Resources */,
				2CA8590521185D5200F492E8 /* Assets.xcassets in Resources */,
				2CA8590321185D5100F492E8 /* Main.storyboard in Resources */,
			);
			runOnlyForDeploymentPostprocessing = 0;
		};
/* End PBXResourcesBuildPhase section */

/* Begin PBXShellScriptBuildPhase section */
		3FBCCEA7C5BF489FF63C2ADF /* [CP] Embed Pods Frameworks */ = {
			isa = PBXShellScriptBuildPhase;
			buildActionMask = 2147483647;
			files = (
			);
			inputPaths = (
				"${SRCROOT}/Pods/Target Support Files/Pods-DiffieHelmanSample/Pods-DiffieHelmanSample-frameworks.sh",
				"${BUILT_PRODUCTS_DIR}/FTLocalizationManager/FTLocalizationManager.framework",
				"${BUILT_PRODUCTS_DIR}/KSAUtils/KSAUtils.framework",
				"${BUILT_PRODUCTS_DIR}/ObjectMapper/ObjectMapper.framework",
			);
			name = "[CP] Embed Pods Frameworks";
			outputPaths = (
				"${TARGET_BUILD_DIR}/${FRAMEWORKS_FOLDER_PATH}/FTLocalizationManager.framework",
				"${TARGET_BUILD_DIR}/${FRAMEWORKS_FOLDER_PATH}/KSAUtils.framework",
				"${TARGET_BUILD_DIR}/${FRAMEWORKS_FOLDER_PATH}/ObjectMapper.framework",
			);
			runOnlyForDeploymentPostprocessing = 0;
			shellPath = /bin/sh;
			shellScript = "\"${SRCROOT}/Pods/Target Support Files/Pods-DiffieHelmanSample/Pods-DiffieHelmanSample-frameworks.sh\"\n";
			showEnvVarsInLog = 0;
		};
		A33B57A5478818052EB96D72 /* [CP] Check Pods Manifest.lock */ = {
			isa = PBXShellScriptBuildPhase;
			buildActionMask = 2147483647;
			files = (
			);
			inputPaths = (
				"${PODS_PODFILE_DIR_PATH}/Podfile.lock",
				"${PODS_ROOT}/Manifest.lock",
			);
			name = "[CP] Check Pods Manifest.lock";
			outputPaths = (
				"$(DERIVED_FILE_DIR)/Pods-DiffieHelmanSample-checkManifestLockResult.txt",
			);
			runOnlyForDeploymentPostprocessing = 0;
			shellPath = /bin/sh;
			shellScript = "diff \"${PODS_PODFILE_DIR_PATH}/Podfile.lock\" \"${PODS_ROOT}/Manifest.lock\" > /dev/null\nif [ $? != 0 ] ; then\n    # print error to STDERR\n    echo \"error: The sandbox is not in sync with the Podfile.lock. Run 'pod install' or update your CocoaPods installation.\" >&2\n    exit 1\nfi\n# This output is used by Xcode 'outputs' to avoid re-running this script phase.\necho \"SUCCESS\" > \"${SCRIPT_OUTPUT_FILE_0}\"\n";
			showEnvVarsInLog = 0;
		};
/* End PBXShellScriptBuildPhase section */

/* Begin PBXSourcesBuildPhase section */
		2CA858F621185D5100F492E8 /* Sources */ = {
			isa = PBXSourcesBuildPhase;
			buildActionMask = 2147483647;
			files = (
				2CA8592E211867D300F492E8 /* SmartTouch.swift in Sources */,
				2CA8590021185D5100F492E8 /* ViewController.swift in Sources */,
				2CA858FE21185D5100F492E8 /* AppDelegate.swift in Sources */,
			);
			runOnlyForDeploymentPostprocessing = 0;
		};
/* End PBXSourcesBuildPhase section */

/* Begin PBXVariantGroup section */
		2CA8590121185D5100F492E8 /* Main.storyboard */ = {
			isa = PBXVariantGroup;
			children = (
				2CA8590221185D5100F492E8 /* Base */,
			);
			name = Main.storyboard;
			sourceTree = "<group>";
		};
		2CA8590621185D5200F492E8 /* LaunchScreen.storyboard */ = {
			isa = PBXVariantGroup;
			children = (
				2CA8590721185D5200F492E8 /* Base */,
			);
			name = LaunchScreen.storyboard;
			sourceTree = "<group>";
		};
/* End PBXVariantGroup section */

/* Begin XCBuildConfiguration section */
		2CA8590A21185D5200F492E8 /* Debug */ = {
			isa = XCBuildConfiguration;
			buildSettings = {
				ALWAYS_SEARCH_USER_PATHS = NO;
				CLANG_ANALYZER_NONNULL = YES;
				CLANG_ANALYZER_NUMBER_OBJECT_CONVERSION = YES_AGGRESSIVE;
				CLANG_CXX_LANGUAGE_STANDARD = "gnu++14";
				CLANG_CXX_LIBRARY = "libc++";
				CLANG_ENABLE_MODULES = YES;
				CLANG_ENABLE_OBJC_ARC = YES;
				CLANG_ENABLE_OBJC_WEAK = YES;
				CLANG_WARN_BLOCK_CAPTURE_AUTORELEASING = YES;
				CLANG_WARN_BOOL_CONVERSION = YES;
				CLANG_WARN_COMMA = YES;
				CLANG_WARN_CONSTANT_CONVERSION = YES;
				CLANG_WARN_DEPRECATED_OBJC_IMPLEMENTATIONS = YES;
				CLANG_WARN_DIRECT_OBJC_ISA_USAGE = YES_ERROR;
				CLANG_WARN_DOCUMENTATION_COMMENTS = YES;
				CLANG_WARN_EMPTY_BODY = YES;
				CLANG_WARN_ENUM_CONVERSION = YES;
				CLANG_WARN_INFINITE_RECURSION = YES;
				CLANG_WARN_INT_CONVERSION = YES;
				CLANG_WARN_NON_LITERAL_NULL_CONVERSION = YES;
				CLANG_WARN_OBJC_IMPLICIT_RETAIN_SELF = YES;
				CLANG_WARN_OBJC_LITERAL_CONVERSION = YES;
				CLANG_WARN_OBJC_ROOT_CLASS = YES_ERROR;
				CLANG_WARN_RANGE_LOOP_ANALYSIS = YES;
				CLANG_WARN_STRICT_PROTOTYPES = YES;
				CLANG_WARN_SUSPICIOUS_MOVE = YES;
				CLANG_WARN_UNGUARDED_AVAILABILITY = YES_AGGRESSIVE;
				CLANG_WARN_UNREACHABLE_CODE = YES;
				CLANG_WARN__DUPLICATE_METHOD_MATCH = YES;
				CODE_SIGN_IDENTITY = "iPhone Developer";
				COPY_PHASE_STRIP = NO;
				DEBUG_INFORMATION_FORMAT = dwarf;
				ENABLE_STRICT_OBJC_MSGSEND = YES;
				ENABLE_TESTABILITY = YES;
				GCC_C_LANGUAGE_STANDARD = gnu11;
				GCC_DYNAMIC_NO_PIC = NO;
				GCC_NO_COMMON_BLOCKS = YES;
				GCC_OPTIMIZATION_LEVEL = 0;
				GCC_PREPROCESSOR_DEFINITIONS = (
					"DEBUG=1",
					"$(inherited)",
				);
				GCC_WARN_64_TO_32_BIT_CONVERSION = YES;
				GCC_WARN_ABOUT_RETURN_TYPE = YES_ERROR;
				GCC_WARN_UNDECLARED_SELECTOR = YES;
				GCC_WARN_UNINITIALIZED_AUTOS = YES_AGGRESSIVE;
				GCC_WARN_UNUSED_FUNCTION = YES;
				GCC_WARN_UNUSED_VARIABLE = YES;
				IPHONEOS_DEPLOYMENT_TARGET = 11.4;
				MTL_ENABLE_DEBUG_INFO = YES;
				ONLY_ACTIVE_ARCH = YES;
				SDKROOT = iphoneos;
				SWIFT_ACTIVE_COMPILATION_CONDITIONS = DEBUG;
				SWIFT_OPTIMIZATION_LEVEL = "-Onone";
			};
			name = Debug;
		};
		2CA8590B21185D5200F492E8 /* Release */ = {
			isa = XCBuildConfiguration;
			buildSettings = {
				ALWAYS_SEARCH_USER_PATHS = NO;
				CLANG_ANALYZER_NONNULL = YES;
				CLANG_ANALYZER_NUMBER_OBJECT_CONVERSION = YES_AGGRESSIVE;
				CLANG_CXX_LANGUAGE_STANDARD = "gnu++14";
				CLANG_CXX_LIBRARY = "libc++";
				CLANG_ENABLE_MODULES = YES;
				CLANG_ENABLE_OBJC_ARC = YES;
				CLANG_ENABLE_OBJC_WEAK = YES;
				CLANG_WARN_BLOCK_CAPTURE_AUTORELEASING = YES;
				CLANG_WARN_BOOL_CONVERSION = YES;
				CLANG_WARN_COMMA = YES;
				CLANG_WARN_CONSTANT_CONVERSION = YES;
				CLANG_WARN_DEPRECATED_OBJC_IMPLEMENTATIONS = YES;
				CLANG_WARN_DIRECT_OBJC_ISA_USAGE = YES_ERROR;
				CLANG_WARN_DOCUMENTATION_COMMENTS = YES;
				CLANG_WARN_EMPTY_BODY = YES;
				CLANG_WARN_ENUM_CONVERSION = YES;
				CLANG_WARN_INFINITE_RECURSION = YES;
				CLANG_WARN_INT_CONVERSION = YES;
				CLANG_WARN_NON_LITERAL_NULL_CONVERSION = YES;
				CLANG_WARN_OBJC_IMPLICIT_RETAIN_SELF = YES;
				CLANG_WARN_OBJC_LITERAL_CONVERSION = YES;
				CLANG_WARN_OBJC_ROOT_CLASS = YES_ERROR;
				CLANG_WARN_RANGE_LOOP_ANALYSIS = YES;
				CLANG_WARN_STRICT_PROTOTYPES = YES;
				CLANG_WARN_SUSPICIOUS_MOVE = YES;
				CLANG_WARN_UNGUARDED_AVAILABILITY = YES_AGGRESSIVE;
				CLANG_WARN_UNREACHABLE_CODE = YES;
				CLANG_WARN__DUPLICATE_METHOD_MATCH = YES;
				CODE_SIGN_IDENTITY = "iPhone Developer";
				COPY_PHASE_STRIP = NO;
				DEBUG_INFORMATION_FORMAT = "dwarf-with-dsym";
				ENABLE_NS_ASSERTIONS = NO;
				ENABLE_STRICT_OBJC_MSGSEND = YES;
				GCC_C_LANGUAGE_STANDARD = gnu11;
				GCC_NO_COMMON_BLOCKS = YES;
				GCC_WARN_64_TO_32_BIT_CONVERSION = YES;
				GCC_WARN_ABOUT_RETURN_TYPE = YES_ERROR;
				GCC_WARN_UNDECLARED_SELECTOR = YES;
				GCC_WARN_UNINITIALIZED_AUTOS = YES_AGGRESSIVE;
				GCC_WARN_UNUSED_FUNCTION = YES;
				GCC_WARN_UNUSED_VARIABLE = YES;
				IPHONEOS_DEPLOYMENT_TARGET = 11.4;
				MTL_ENABLE_DEBUG_INFO = NO;
				SDKROOT = iphoneos;
				SWIFT_COMPILATION_MODE = wholemodule;
				SWIFT_OPTIMIZATION_LEVEL = "-O";
				VALIDATE_PRODUCT = YES;
			};
			name = Release;
		};
		2CA8590D21185D5200F492E8 /* Debug */ = {
			isa = XCBuildConfiguration;
			baseConfigurationReference = E759C84C532273886E538DB8 /* Pods-DiffieHelmanSample.debug.xcconfig */;
			buildSettings = {
				ASSETCATALOG_COMPILER_APPICON_NAME = AppIcon;
				CODE_SIGN_STYLE = Manual;
				DEVELOPMENT_TEAM = J274N44KNJ;
				INFOPLIST_FILE = DiffieHelmanSample/Info.plist;
				LD_RUNPATH_SEARCH_PATHS = (
					"$(inherited)",
					"@executable_path/Frameworks",
				);
				PRODUCT_BUNDLE_IDENTIFIER = com.s4m.DiffieHelmanSample;
				PRODUCT_NAME = "$(TARGET_NAME)";
				PROVISIONING_PROFILE = "460f4d19-e41f-41ef-96cf-76acd1ccfc3e";
				PROVISIONING_PROFILE_SPECIFIER = "com.s4m.*";
				SWIFT_VERSION = 4.0;
				TARGETED_DEVICE_FAMILY = "1,2";
			};
			name = Debug;
		};
		2CA8590E21185D5200F492E8 /* Release */ = {
			isa = XCBuildConfiguration;
			baseConfigurationReference = 6A03B95170941B747B68E0C9 /* Pods-DiffieHelmanSample.release.xcconfig */;
			buildSettings = {
				ASSETCATALOG_COMPILER_APPICON_NAME = AppIcon;
				CODE_SIGN_STYLE = Manual;
				DEVELOPMENT_TEAM = J274N44KNJ;
				INFOPLIST_FILE = DiffieHelmanSample/Info.plist;
				LD_RUNPATH_SEARCH_PATHS = (
					"$(inherited)",
					"@executable_path/Frameworks",
				);
				PRODUCT_BUNDLE_IDENTIFIER = com.s4m.DiffieHelmanSample;
				PRODUCT_NAME = "$(TARGET_NAME)";
				PROVISIONING_PROFILE = "460f4d19-e41f-41ef-96cf-76acd1ccfc3e";
				PROVISIONING_PROFILE_SPECIFIER = "com.s4m.*";
				SWIFT_VERSION = 4.0;
				TARGETED_DEVICE_FAMILY = "1,2";
			};
			name = Release;
		};
/* End XCBuildConfiguration section */

/* Begin XCConfigurationList section */
		2CA858F521185D5100F492E8 /* Build configuration list for PBXProject "DiffieHelmanSample" */ = {
			isa = XCConfigurationList;
			buildConfigurations = (
				2CA8590A21185D5200F492E8 /* Debug */,
				2CA8590B21185D5200F492E8 /* Release */,
			);
			defaultConfigurationIsVisible = 0;
			defaultConfigurationName = Release;
		};
		2CA8590C21185D5200F492E8 /* Build configuration list for PBXNativeTarget "DiffieHelmanSample" */ = {
			isa = XCConfigurationList;
			buildConfigurations = (
				2CA8590D21185D5200F492E8 /* Debug */,
				2CA8590E21185D5200F492E8 /* Release */,
			);
			defaultConfigurationIsVisible = 0;
			defaultConfigurationName = Release;
		};
/* End XCConfigurationList section */
	};
	rootObject = 2CA858F221185D5100F492E8 /* Project object */;
}
